Microsoft Visual Studio Solution File, Format Version 12.00
# Visual Studio Version 17
VisualStudioVersion = 17.5.2.0
MinimumVisualStudioVersion = 10.0.40219.1
Project("{FAE04EC0-301F-11D3-BF4B-00C04F79EFBC}") = "EmitterHub", "ProjectRoot\EmitterHub.csproj", "{D928044F-CF70-760D-5413-0183198A37E6}"
EndProject
Global
	GlobalSection(SolutionConfigurationPlatforms) = preSolution
		Debug|Any CPU = Debug|Any CPU
		Release|Any CPU = Release|Any CPU
	EndGlobalSection
	GlobalSection(ProjectConfigurationPlatforms) = postSolution
		{D928044F-CF70-760D-5413-0183198A37E6}.Debug|Any CPU.ActiveCfg = Debug|Any CPU
		{D928044F-CF70-760D-5413-0183198A37E6}.Debug|Any CPU.Build.0 = Debug|Any CPU
		{D928044F-CF70-760D-5413-0183198A37E6}.Release|Any CPU.ActiveCfg = Release|Any CPU
		{D928044F-CF70-760D-5413-0183198A37E6}.Release|Any CPU.Build.0 = Release|Any CPU
	EndGlobalSection
	GlobalSection(SolutionProperties) = preSolution
		HideSolutionNode = FALSE
	EndGlobalSection
	GlobalSection(ExtensibilityGlobals) = postSolution
		SolutionGuid = {89962118-1D37-4C9D-A6FD-F2369A4D1695}
	EndGlobalSection
EndGlobal
